// !$*UTF8*$!
{
	archiveVersion = 1;
	classes = {
	};
	objectVersion = 46;
	objects = {

/* Begin PBXBuildFile section */
		22051E611DB65A99007F178F /* prognostic.ttf in Resources */ = {isa = PBXBuildFile; fileRef = 22051E601DB65A99007F178F /* prognostic.ttf */; };
		22051E651DB67941007F178F /* videoo.mp4 in Resources */ = {isa = PBXBuildFile; fileRef = 22051E641DB67940007F178F /* videoo.mp4 */; };
		22398C791DB6040F00FA97D8 /* AppDelegate.swift in Sources */ = {isa = PBXBuildFile; fileRef = 22398C781DB6040F00FA97D8 /* AppDelegate.swift */; };
		22398C7B1DB6040F00FA97D8 /* SignInVC.swift in Sources */ = {isa = PBXBuildFile; fileRef = 22398C7A1DB6040F00FA97D8 /* SignInVC.swift */; };
		22398C7E1DB6040F00FA97D8 /* Main.storyboard in Resources */ = {isa = PBXBuildFile; fileRef = 22398C7C1DB6040F00FA97D8 /* Main.storyboard */; };
		22398C801DB6040F00FA97D8 /* Assets.xcassets in Resources */ = {isa = PBXBuildFile; fileRef = 22398C7F1DB6040F00FA97D8 /* Assets.xcassets */; };
		22398C831DB6040F00FA97D8 /* LaunchScreen.storyboard in Resources */ = {isa = PBXBuildFile; fileRef = 22398C811DB6040F00FA97D8 /* LaunchScreen.storyboard */; };
		22398C8B1DB60A4500FA97D8 /* GoogleService-Info.plist in Resources */ = {isa = PBXBuildFile; fileRef = 22398C8A1DB60A4500FA97D8 /* GoogleService-Info.plist */; };
		22398C901DB6364C00FA97D8 /* video.mp4 in Resources */ = {isa = PBXBuildFile; fileRef = 22398C8F1DB6364C00FA97D8 /* video.mp4 */; };
		22398C921DB63C3F00FA97D8 /* sail.mp4 in Resources */ = {isa = PBXBuildFile; fileRef = 22398C911DB63C3F00FA97D8 /* sail.mp4 */; };
		5AF900AC951C77B39F080301 /* Pods_UpBeat.framework in Frameworks */ = {isa = PBXBuildFile; fileRef = 727D499479051F7508381C64 /* Pods_UpBeat.framework */; };
/* End PBXBuildFile section */

/* Begin PBXFileReference section */
		22051E601DB65A99007F178F /* prognostic.ttf */ = {isa = PBXFileReference; lastKnownFileType = file; path = prognostic.ttf; sourceTree = "<group>"; };
		22051E641DB67940007F178F /* videoo.mp4 */ = {isa = PBXFileReference; lastKnownFileType = file; path = videoo.mp4; sourceTree = "<group>"; };
		22398C751DB6040F00FA97D8 /* UpBeat.app */ = {isa = PBXFileReference; explicitFileType = wrapper.application; includeInIndex = 0; path = UpBeat.app; sourceTree = BUILT_PRODUCTS_DIR; };
		22398C781DB6040F00FA97D8 /* AppDelegate.swift */ = {isa = PBXFileReference; lastKnownFileType = sourcecode.swift; path = AppDelegate.swift; sourceTree = "<group>"; };
		22398C7A1DB6040F00FA97D8 /* SignInVC.swift */ = {isa = PBXFileReference; lastKnownFileType = sourcecode.swift; path = SignInVC.swift; sourceTree = "<group>"; };
		22398C7D1DB6040F00FA97D8 /* Base */ = {isa = PBXFileReference; lastKnownFileType = file.storyboard; name = Base; path = Base.lproj/Main.storyboard; sourceTree = "<group>"; };
		22398C7F1DB6040F00FA97D8 /* Assets.xcassets */ = {isa = PBXFileReference; lastKnownFileType = folder.assetcatalog; path = Assets.xcassets; sourceTree = "<group>"; };
		22398C821DB6040F00FA97D8 /* Base */ = {isa = PBXFileReference; lastKnownFileType = file.storyboard; name = Base; path = Base.lproj/LaunchScreen.storyboard; sourceTree = "<group>"; };
		22398C841DB6040F00FA97D8 /* Info.plist */ = {isa = PBXFileReference; lastKnownFileType = text.plist.xml; path = Info.plist; sourceTree = "<group>"; };
		22398C8A1DB60A4500FA97D8 /* GoogleService-Info.plist */ = {isa = PBXFileReference; fileEncoding = 4; lastKnownFileType = text.plist.xml; path = "GoogleService-Info.plist"; sourceTree = "<group>"; };
		22398C8F1DB6364C00FA97D8 /* video.mp4 */ = {isa = PBXFileReference; lastKnownFileType = file; path = video.mp4; sourceTree = "<group>"; };
		22398C911DB63C3F00FA97D8 /* sail.mp4 */ = {isa = PBXFileReference; lastKnownFileType = file; path = sail.mp4; sourceTree = "<group>"; };
		63B5BBD271FA17A50E2BC7BE /* Pods-UpBeat.release.xcconfig */ = {isa = PBXFileReference; includeInIndex = 1; lastKnownFileType = text.xcconfig; name = "Pods-UpBeat.release.xcconfig"; path = "Pods/Target Support Files/Pods-UpBeat/Pods-UpBeat.release.xcconfig"; sourceTree = "<group>"; };
		727D499479051F7508381C64 /* Pods_UpBeat.framework */ = {isa = PBXFileReference; explicitFileType = wrapper.framework; includeInIndex = 0; path = Pods_UpBeat.framework; sourceTree = BUILT_PRODUCTS_DIR; };
		E68848B4395BE4CA818FD3DF /* Pods-UpBeat.debug.xcconfig */ = {isa = PBXFileReference; includeInIndex = 1; lastKnownFileType = text.xcconfig; name = "Pods-UpBeat.debug.xcconfig"; path = "Pods/Target Support Files/Pods-UpBeat/Pods-UpBeat.debug.xcconfig"; sourceTree = "<group>"; };
/* End PBXFileReference section */

/* Begin PBXFrameworksBuildPhase section */
		22398C721DB6040F00FA97D8 /* Frameworks */ = {
			isa = PBXFrameworksBuildPhase;
			buildActionMask = 2147483647;
			files = (
				5AF900AC951C77B39F080301 /* Pods_UpBeat.framework in Frameworks */,
			);
			runOnlyForDeploymentPostprocessing = 0;
		};
/* End PBXFrameworksBuildPhase section */

/* Begin PBXGroup section */
		22398C6C1DB6040F00FA97D8 = {
			isa = PBXGroup;
			children = (
				22398C771DB6040F00FA97D8 /* UpBeat */,
				22398C761DB6040F00FA97D8 /* Products */,
				31094546EAB52CD02113699E /* Pods */,
				A0EE528D4A8C193D2F2A1E7D /* Frameworks */,
			);
			sourceTree = "<group>";
		};
		22398C761DB6040F00FA97D8 /* Products */ = {
			isa = PBXGroup;
			children = (
				22398C751DB6040F00FA97D8 /* UpBeat.app */,
			);
			name = Products;
			sourceTree = "<group>";
		};
		22398C771DB6040F00FA97D8 /* UpBeat */ = {
			isa = PBXGroup;
			children = (
				22398C8E1DB60FC900FA97D8 /* Controller */,
				22398C8D1DB60FC100FA97D8 /* View */,
				22398C8C1DB60FB800FA97D8 /* Model */,
				22398C781DB6040F00FA97D8 /* AppDelegate.swift */,
				22398C7C1DB6040F00FA97D8 /* Main.storyboard */,
				22398C7F1DB6040F00FA97D8 /* Assets.xcassets */,
				22398C811DB6040F00FA97D8 /* LaunchScreen.storyboard */,
				22051E601DB65A99007F178F /* prognostic.ttf */,
				22398C8A1DB60A4500FA97D8 /* GoogleService-Info.plist */,
				22398C841DB6040F00FA97D8 /* Info.plist */,
				22398C911DB63C3F00FA97D8 /* sail.mp4 */,
				22051E641DB67940007F178F /* videoo.mp4 */,
				22398C8F1DB6364C00FA97D8 /* video.mp4 */,
			);
			path = UpBeat;
			sourceTree = "<group>";
		};
		22398C8C1DB60FB800FA97D8 /* Model */ = {
			isa = PBXGroup;
			children = (
			);
			name = Model;
			sourceTree = "<group>";
		};
		22398C8D1DB60FC100FA97D8 /* View */ = {
			isa = PBXGroup;
			children = (
			);
			name = View;
			sourceTree = "<group>";
		};
		22398C8E1DB60FC900FA97D8 /* Controller */ = {
			isa = PBXGroup;
			children = (
				22398C7A1DB6040F00FA97D8 /* SignInVC.swift */,
			);
			name = Controller;
			sourceTree = "<group>";
		};
		31094546EAB52CD02113699E /* Pods */ = {
			isa = PBXGroup;
			children = (
				E68848B4395BE4CA818FD3DF /* Pods-UpBeat.debug.xcconfig */,
				63B5BBD271FA17A50E2BC7BE /* Pods-UpBeat.release.xcconfig */,
			);
			name = Pods;
			sourceTree = "<group>";
		};
		A0EE528D4A8C193D2F2A1E7D /* Frameworks */ = {
			isa = PBXGroup;
			children = (
				727D499479051F7508381C64 /* Pods_UpBeat.framework */,
			);
			name = Frameworks;
			sourceTree = "<group>";
		};
/* End PBXGroup section */

/* Begin PBXNativeTarget section */
		22398C741DB6040F00FA97D8 /* UpBeat */ = {
			isa = PBXNativeTarget;
			buildConfigurationList = 22398C871DB6040F00FA97D8 /* Build configuration list for PBXNativeTarget "UpBeat" */;
			buildPhases = (
				5E5E1131F8719CF347F2759C /* [CP] Check Pods Manifest.lock */,
				22398C711DB6040F00FA97D8 /* Sources */,
				22398C721DB6040F00FA97D8 /* Frameworks */,
				22398C731DB6040F00FA97D8 /* Resources */,
				80594EA216AC3528540BBD61 /* [CP] Embed Pods Frameworks */,
				8A0B9BE5576B1085FD29C178 /* [CP] Copy Pods Resources */,
			);
			buildRules = (
			);
			dependencies = (
			);
			name = UpBeat;
			productName = UpBeat;
			productReference = 22398C751DB6040F00FA97D8 /* UpBeat.app */;
			productType = "com.apple.product-type.application";
		};
/* End PBXNativeTarget section */

/* Begin PBXProject section */
		22398C6D1DB6040F00FA97D8 /* Project object */ = {
			isa = PBXProject;
			attributes = {
				LastSwiftUpdateCheck = 0800;
				LastUpgradeCheck = 0800;
				ORGANIZATIONNAME = "shraddha work station";
				TargetAttributes = {
					22398C741DB6040F00FA97D8 = {
						CreatedOnToolsVersion = 8.0;
						DevelopmentTeam = 6RML4HYC38;
						ProvisioningStyle = Automatic;
					};
				};
			};
			buildConfigurationList = 22398C701DB6040F00FA97D8 /* Build configuration list for PBXProject "UpBeat" */;
			compatibilityVersion = "Xcode 3.2";
			developmentRegion = English;
			hasScannedForEncodings = 0;
			knownRegions = (
				en,
				Base,
			);
			mainGroup = 22398C6C1DB6040F00FA97D8;
			productRefGroup = 22398C761DB6040F00FA97D8 /* Products */;
			projectDirPath = "";
			projectRoot = "";
			targets = (
				22398C741DB6040F00FA97D8 /* UpBeat */,
			);
		};
/* End PBXProject section */

/* Begin PBXResourcesBuildPhase section */
		22398C731DB6040F00FA97D8 /* Resources */ = {
			isa = PBXResourcesBuildPhase;
			buildActionMask = 2147483647;
			files = (
				22398C831DB6040F00FA97D8 /* LaunchScreen.storyboard in Resources */,
				22051E611DB65A99007F178F /* prognostic.ttf in Resources */,
				22051E651DB67941007F178F /* videoo.mp4 in Resources */,
				22398C801DB6040F00FA97D8 /* Assets.xcassets in Resources */,
				22398C901DB6364C00FA97D8 /* video.mp4 in Resources */,
				22398C7E1DB6040F00FA97D8 /* Main.storyboard in Resources */,
				22398C8B1DB60A4500FA97D8 /* GoogleService-Info.plist in Resources */,
				22398C921DB63C3F00FA97D8 /* sail.mp4 in Resources */,
			);
			runOnlyForDeploymentPostprocessing = 0;
		};
/* End PBXResourcesBuildPhase section */

/* Begin PBXShellScriptBuildPhase section */
		5E5E1131F8719CF347F2759C /* [CP] Check Pods Manifest.lock */ = {
			isa = PBXShellScriptBuildPhase;
			buildActionMask = 2147483647;
			files = (
			);
			inputPaths = (
			);
			name = "[CP] Check Pods Manifest.lock";
			outputPaths = (
			);
			runOnlyForDeploymentPostprocessing = 0;
			shellPath = /bin/sh;
			shellScript = "diff \"${PODS_ROOT}/../Podfile.lock\" \"${PODS_ROOT}/Manifest.lock\" > /dev/null\nif [ $? != 0 ] ; then\n    # print error to STDERR\n    echo \"error: The sandbox is not in sync with the Podfile.lock. Run 'pod install' or update your CocoaPods installation.\" >&2\n    exit 1\nfi\n";
			showEnvVarsInLog = 0;
		};
		80594EA216AC3528540BBD61 /* [CP] Embed Pods Frameworks */ = {
			isa = PBXShellScriptBuildPhase;
			buildActionMask = 2147483647;
			files = (
			);
			inputPaths = (
			);
			name = "[CP] Embed Pods Frameworks";
			outputPaths = (
			);
			runOnlyForDeploymentPostprocessing = 0;
			shellPath = /bin/sh;
			shellScript = "\"${SRCROOT}/Pods/Target Support Files/Pods-UpBeat/Pods-UpBeat-frameworks.sh\"\n";
			showEnvVarsInLog = 0;
		};
		8A0B9BE5576B1085FD29C178 /* [CP] Copy Pods Resources */ = {
			isa = PBXShellScriptBuildPhase;
			buildActionMask = 2147483647;
			files = (
			);
			inputPaths = (
			);
			name = "[CP] Copy Pods Resources";
			outputPaths = (
			);
			runOnlyForDeploymentPostprocessing = 0;
			shellPath = /bin/sh;
			shellScript = "\"${SRCROOT}/Pods/Target Support Files/Pods-UpBeat/Pods-UpBeat-resources.sh\"\n";
			showEnvVarsInLog = 0;
		};
/* End PBXShellScriptBuildPhase section */

/* Begin PBXSourcesBuildPhase section */
		22398C711DB6040F00FA97D8 /* Sources */ = {
			isa = PBXSourcesBuildPhase;
			buildActionMask = 2147483647;
			files = (
				22398C7B1DB6040F00FA97D8 /* SignInVC.swift in Sources */,
				22398C791DB6040F00FA97D8 /* AppDelegate.swift in Sources */,
			);
			runOnlyForDeploymentPostprocessing = 0;
		};
/* End PBXSourcesBuildPhase section */

/* Begin PBXVariantGroup section */
		22398C7C1DB6040F00FA97D8 /* Main.storyboard */ = {
			isa = PBXVariantGroup;
			children = (
				22398C7D1DB6040F00FA97D8 /* Base */,
			);
			name = Main.storyboard;
			sourceTree = "<group>";
		};
		22398C811DB6040F00FA97D8 /* LaunchScreen.storyboard */ = {
			isa = PBXVariantGroup;
			children = (
				22398C821DB6040F00FA97D8 /* Base */,
			);
			name = LaunchScreen.storyboard;
			sourceTree = "<group>";
		};
/* End PBXVariantGroup section */

/* Begin XCBuildConfiguration section */
		22398C851DB6040F00FA97D8 /* Debug */ = {
			isa = XCBuildConfiguration;
			buildSettings = {
				ALWAYS_SEARCH_USER_PATHS = NO;
				CLANG_ANALYZER_NONNULL = YES;
				CLANG_CXX_LANGUAGE_STANDARD = "gnu++0x";
				CLANG_CXX_LIBRARY = "libc++";
				CLANG_ENABLE_MODULES = YES;
				CLANG_ENABLE_OBJC_ARC = YES;
				CLANG_WARN_BOOL_CONVERSION = YES;
				CLANG_WARN_CONSTANT_CONVERSION = YES;
				CLANG_WARN_DIRECT_OBJC_ISA_USAGE = YES_ERROR;
				CLANG_WARN_DOCUMENTATION_COMMENTS = YES;
				CLANG_WARN_EMPTY_BODY = YES;
				CLANG_WARN_ENUM_CONVERSION = YES;
				CLANG_WARN_INFINITE_RECURSION = YES;
				CLANG_WARN_INT_CONVERSION = YES;
				CLANG_WARN_OBJC_ROOT_CLASS = YES_ERROR;
				CLANG_WARN_SUSPICIOUS_MOVES = YES;
				CLANG_WARN_UNREACHABLE_CODE = YES;
				CLANG_WARN__DUPLICATE_METHOD_MATCH = YES;
				"CODE_SIGN_IDENTITY[sdk=iphoneos*]" = "iPhone Developer";
				COPY_PHASE_STRIP = NO;
				DEBUG_INFORMATION_FORMAT = dwarf;
				ENABLE_STRICT_OBJC_MSGSEND = YES;
				ENABLE_TESTABILITY = YES;
				GCC_C_LANGUAGE_STANDARD = gnu99;
				GCC_DYNAMIC_NO_PIC = NO;
				GCC_NO_COMMON_BLOCKS = YES;
				GCC_OPTIMIZATION_LEVEL = 0;
				GCC_PREPROCESSOR_DEFINITIONS = (
					"DEBUG=1",
					"$(inherited)",
				);
				GCC_WARN_64_TO_32_BIT_CONVERSION = YES;
				GCC_WARN_ABOUT_RETURN_TYPE = YES_ERROR;
				GCC_WARN_UNDECLARED_SELECTOR = YES;
				GCC_WARN_UNINITIALIZED_AUTOS = YES_AGGRESSIVE;
				GCC_WARN_UNUSED_FUNCTION = YES;
				GCC_WARN_UNUSED_VARIABLE = YES;
				IPHONEOS_DEPLOYMENT_TARGET = 10.0;
				MTL_ENABLE_DEBUG_INFO = YES;
				ONLY_ACTIVE_ARCH = YES;
				SDKROOT = iphoneos;
				SWIFT_ACTIVE_COMPILATION_CONDITIONS = DEBUG;
				SWIFT_OPTIMIZATION_LEVEL = "-Onone";
				TARGETED_DEVICE_FAMILY = "1,2";
			};
			name = Debug;
		};
		22398C861DB6040F00FA97D8 /* Release */ = {
			isa = XCBuildConfiguration;
			buildSettings = {
				ALWAYS_SEARCH_USER_PATHS = NO;
				CLANG_ANALYZER_NONNULL = YES;
				CLANG_CXX_LANGUAGE_STANDARD = "gnu++0x";
				CLANG_CXX_LIBRARY = "libc++";
				CLANG_ENABLE_MODULES = YES;
				CLANG_ENABLE_OBJC_ARC = YES;
				CLANG_WARN_BOOL_CONVERSION = YES;
				CLANG_WARN_CONSTANT_CONVERSION = YES;
				CLANG_WARN_DIRECT_OBJC_ISA_USAGE = YES_ERROR;
				CLANG_WARN_DOCUMENTATION_COMMENTS = YES;
				CLANG_WARN_EMPTY_BODY = YES;
				CLANG_WARN_ENUM_CONVERSION = YES;
				CLANG_WARN_INFINITE_RECURSION = YES;
				CLANG_WARN_INT_CONVERSION = YES;
				CLANG_WARN_OBJC_ROOT_CLASS = YES_ERROR;
				CLANG_WARN_SUSPICIOUS_MOVES = YES;
				CLANG_WARN_UNREACHABLE_CODE = YES;
				CLANG_WARN__DUPLICATE_METHOD_MATCH = YES;
				"CODE_SIGN_IDENTITY[sdk=iphoneos*]" = "iPhone Developer";
				COPY_PHASE_STRIP = NO;
				DEBUG_INFORMATION_FORMAT = "dwarf-with-dsym";
				ENABLE_NS_ASSERTIONS = NO;
				ENABLE_STRICT_OBJC_MSGSEND = YES;
				GCC_C_LANGUAGE_STANDARD = gnu99;
				GCC_NO_COMMON_BLOCKS = YES;
				GCC_WARN_64_TO_32_BIT_CONVERSION = YES;
				GCC_WARN_ABOUT_RETURN_TYPE = YES_ERROR;
				GCC_WARN_UNDECLARED_SELECTOR = YES;
				GCC_WARN_UNINITIALIZED_AUTOS = YES_AGGRESSIVE;
				GCC_WARN_UNUSED_FUNCTION = YES;
				GCC_WARN_UNUSED_VARIABLE = YES;
				IPHONEOS_DEPLOYMENT_TARGET = 10.0;
				MTL_ENABLE_DEBUG_INFO = NO;
				SDKROOT = iphoneos;
				SWIFT_OPTIMIZATION_LEVEL = "-Owholemodule";
				TARGETED_DEVICE_FAMILY = "1,2";
				VALIDATE_PRODUCT = YES;
			};
			name = Release;
		};
		22398C881DB6040F00FA97D8 /* Debug */ = {
			isa = XCBuildConfiguration;
			baseConfigurationReference = E68848B4395BE4CA818FD3DF /* Pods-UpBeat.debug.xcconfig */;
			buildSettings = {
				ASSETCATALOG_COMPILER_APPICON_NAME = AppIcon;
				DEVELOPMENT_TEAM = 6RML4HYC38;
				INFOPLIST_FILE = UpBeat/Info.plist;
				LD_RUNPATH_SEARCH_PATHS = "$(inherited) @executable_path/Frameworks";
				PRODUCT_BUNDLE_IDENTIFIER = com.shraddha.UpBeat;
				PRODUCT_NAME = "$(TARGET_NAME)";
				SWIFT_VERSION = 3.0;
			};
			name = Debug;
		};
		22398C891DB6040F00FA97D8 /* Release */ = {
			isa = XCBuildConfiguration;
			baseConfigurationReference = 63B5BBD271FA17A50E2BC7BE /* Pods-UpBeat.release.xcconfig */;
			buildSettings = {
				ASSETCATALOG_COMPILER_APPICON_NAME = AppIcon;
				DEVELOPMENT_TEAM = 6RML4HYC38;
				INFOPLIST_FILE = UpBeat/Info.plist;
				LD_RUNPATH_SEARCH_PATHS = "$(inherited) @executable_path/Frameworks";
				PRODUCT_BUNDLE_IDENTIFIER = com.shraddha.UpBeat;
				PRODUCT_NAME = "$(TARGET_NAME)";
				SWIFT_VERSION = 3.0;
			};
			name = Release;
		};
/* End XCBuildConfiguration section */

/* Begin XCConfigurationList section */
		22398C701DB6040F00FA97D8 /* Build configuration list for PBXProject "UpBeat" */ = {
			isa = XCConfigurationList;
			buildConfigurations = (
				22398C851DB6040F00FA97D8 /* Debug */,
				22398C861DB6040F00FA97D8 /* Release */,
			);
			defaultConfigurationIsVisible = 0;
			defaultConfigurationName = Release;
		};
		22398C871DB6040F00FA97D8 /* Build configuration list for PBXNativeTarget "UpBeat" */ = {
			isa = XCConfigurationList;
			buildConfigurations = (
				22398C881DB6040F00FA97D8 /* Debug */,
				22398C891DB6040F00FA97D8 /* Release */,
			);
			defaultConfigurationIsVisible = 0;
			defaultConfigurationName = Release;
		};
/* End XCConfigurationList section */
	};
	rootObject = 22398C6D1DB6040F00FA97D8 /* Project object */;
}
